<?xml version="1.0" encoding="UTF-8"?>
<CONFIG>
  <ProjectOptions>
    <Version Value="9"/>
    <PathDelim Value="\"/>
    <General>
      <Flags>
        <MainUnitHasCreateFormStatements Value="False"/>
        <MainUnitHasTitleStatement Value="False"/>
      </Flags>
      <SessionStorage Value="InProjectDir"/>
      <MainUnit Value="0"/>
      <Title Value="QT3testsuite"/>
      <UseAppBundle Value="False"/>
      <ResourceType Value="res"/>
    </General>
    <i18n>
      <EnableI18N LFM="False"/>
    </i18n>
    <BuildModes Count="4">
      <Item1 Name="default" Default="True"/>
      <Item2 Name="32 bit">
        <CompilerOptions>
          <Version Value="11"/>
          <PathDelim Value="\"/>
          <Target>
            <Filename Value="QT3testsuite"/>
          </Target>
          <SearchPaths>
            <IncludeFiles Value="$(ProjOutDir)"/>
            <OtherUnitFiles Value="U:\components\pascal\data;..\..\import\synapse;U:\components\pascal\internet;U:\components\lazarus\dialogs;U:\components\pascal\system;\home\benito\hg\programs\contests\euler\;\home\benito\hg\components\pascal\internet\;\home\benito\hg\components\lazarus\dialogs\;\home\benito\hg\components\pascal\system\;\home\benito\hg\components\pascal\import\regexpr\source\"/>
            <SrcPath Value="\home\benito\hg\components\pascal\import\synapse\;..\..\import\synapse"/>
          </SearchPaths>
          <CodeGeneration>
            <TargetCPU Value="i386"/>
          </CodeGeneration>
        </CompilerOptions>
      </Item2>
      <Item3 Name="arm linux">
        <CompilerOptions>
          <Version Value="11"/>
          <PathDelim Value="\"/>
          <Target>
            <Filename Value="QT3testsuite"/>
          </Target>
          <SearchPaths>
            <IncludeFiles Value="$(ProjOutDir)"/>
            <OtherUnitFiles Value="U:\components\pascal\data;..\..\import\synapse;U:\components\pascal\internet;U:\components\lazarus\dialogs;U:\components\pascal\system;\home\benito\hg\programs\contests\euler\;\home\benito\hg\components\pascal\internet\;\home\benito\hg\components\lazarus\dialogs\;\home\benito\hg\components\pascal\system\;\home\benito\hg\components\pascal\import\regexpr\source\"/>
            <SrcPath Value="\home\benito\hg\components\pascal\import\synapse\;..\..\import\synapse"/>
          </SearchPaths>
          <Parsing>
            <SyntaxOptions>
              <UseAnsiStrings Value="False"/>
            </SyntaxOptions>
          </Parsing>
          <CodeGeneration>
            <TargetCPU Value="arm"/>
            <TargetOS Value="linux"/>
          </CodeGeneration>
        </CompilerOptions>
      </Item3>
      <Item4 Name="win32">
        <CompilerOptions>
          <Version Value="11"/>
          <PathDelim Value="\"/>
          <Target>
            <Filename Value="QT3testsuite"/>
          </Target>
          <SearchPaths>
            <IncludeFiles Value="$(ProjOutDir)"/>
            <OtherUnitFiles Value="U:\components\pascal\data;..\..\import\synapse;U:\components\pascal\internet;U:\components\lazarus\dialogs;U:\components\pascal\system;\home\benito\hg\programs\contests\euler\;\home\benito\hg\components\pascal\internet\;\home\benito\hg\components\lazarus\dialogs\;\home\benito\hg\components\pascal\system\;\home\benito\hg\components\pascal\import\regexpr\source\"/>
            <SrcPath Value="\home\benito\hg\components\pascal\import\synapse\;..\..\import\synapse"/>
          </SearchPaths>
          <Parsing>
            <SyntaxOptions>
              <UseAnsiStrings Value="False"/>
            </SyntaxOptions>
          </Parsing>
          <CodeGeneration>
            <TargetCPU Value="i386"/>
            <TargetOS Value="win32"/>
          </CodeGeneration>
        </CompilerOptions>
      </Item4>
    </BuildModes>
    <PublishOptions>
      <Version Value="2"/>
      <IncludeFileFilter Value="*.(pas|pp|inc|lfm|lpr|lrs|lpi|lpk|sh|xml)"/>
      <ExcludeFileFilter Value="*.(bak|ppu|o|so);*~;backup"/>
    </PublishOptions>
    <RunParams>
      <local>
        <FormatVersion Value="1"/>
        <CommandLineParams Value="--mode xquery3  --print-failed-inputs --print-test-cases fe --test-set=prod-cast --test-case=K2-SeqExprCast-215"/>
        <WorkingDirectory Value="\home\benito\2011\QT3-test-suite"/>
      </local>
    </RunParams>
    <Units Count="1">
      <Unit0>
        <Filename Value="QT3testsuite.lpr"/>
        <IsPartOfProject Value="True"/>
      </Unit0>
    </Units>
  </ProjectOptions>
  <CompilerOptions>
    <Version Value="11"/>
    <PathDelim Value="\"/>
    <Target>
      <Filename Value="QT3testsuite"/>
    </Target>
    <SearchPaths>
      <IncludeFiles Value="$(ProjOutDir)"/>
      <OtherUnitFiles Value="U:\components\pascal\data;..\..\import\synapse;U:\components\pascal\internet;U:\components\lazarus\dialogs;U:\components\pascal\system;\home\benito\hg\programs\contests\euler\;\home\benito\hg\components\pascal\internet\;\home\benito\hg\components\lazarus\dialogs\;\home\benito\hg\components\pascal\system\;\home\benito\hg\components\pascal\import\regexpr\source\"/>
      <SrcPath Value="\home\benito\hg\components\pascal\import\synapse\;..\..\import\synapse"/>
    </SearchPaths>
    <Parsing>
      <SyntaxOptions>
        <UseAnsiStrings Value="False"/>
      </SyntaxOptions>
    </Parsing>
  </CompilerOptions>
  <Debugging>
    <Exceptions Count="11">
      <Item1>
        <Name Value="EAbort"/>
      </Item1>
      <Item2>
        <Name Value="ECodetoolError"/>
      </Item2>
      <Item3>
        <Name Value="EFOpenError"/>
      </Item3>
      <Item4>
        <Name Value="EXQEvaluationException"/>
      </Item4>
      <Item5>
        <Name Value="ERegExpr"/>
      </Item5>
      <Item6>
        <Name Value="EXQParsingException"/>
      </Item6>
      <Item7>
        <Name Value="ETreeParseException"/>
      </Item7>
      <Item8>
        <Name Value="EXMLReadError"/>
      </Item8>
      <Item9>
        <Name Value="EInternetException"/>
      </Item9>
      <Item10>
        <Name Value="EFLRE"/>
      </Item10>
      <Item11>
        <Name Value="EConvertError"/>
      </Item11>
    </Exceptions>
  </Debugging>
</CONFIG>
