<?xml version="1.0" encoding="UTF-8"?>
<CONFIG>
  <ProjectOptions>
    <Version Value="9"/>
    <General>
      <Flags>
        <MainUnitHasCreateFormStatements Value="False"/>
        <MainUnitHasTitleStatement Value="False"/>
      </Flags>
      <SessionStorage Value="InProjectDir"/>
      <MainUnit Value="0"/>
      <Title Value="tests"/>
      <UseAppBundle Value="False"/>
      <ResourceType Value="res"/>
    </General>
    <i18n>
      <EnableI18N LFM="False"/>
    </i18n>
    <BuildModes Count="2">
      <Item1 Name="Default" Default="True"/>
      <Item2 Name="32 bit">
        <CompilerOptions>
          <Version Value="11"/>
          <Target>
            <Filename Value="tests"/>
          </Target>
          <SearchPaths>
            <IncludeFiles Value="$(ProjOutDir)"/>
            <OtherUnitFiles Value="/home/benito/hg/components/pascal/import/synapse/;/home/benito/hg/components/pascal/import/regexpr/Source/;/home/benito/hg/components/pascal/internet/;../../import;.;../../../components/pascal/import/bigint"/>
            <UnitOutputDirectory Value="lib/$(TargetCPU)-$(TargetOS)"/>
          </SearchPaths>
          <Parsing>
            <SyntaxOptions>
              <IncludeAssertionCode Value="True"/>
            </SyntaxOptions>
          </Parsing>
          <CodeGeneration>
            <Checks>
              <IOChecks Value="True"/>
              <RangeChecks Value="True"/>
              <OverflowChecks Value="True"/>
              <StackChecks Value="True"/>
            </Checks>
            <TargetCPU Value="i386"/>
          </CodeGeneration>
          <Linking>
            <Options>
              <Win32>
                <GraphicApplication Value="True"/>
              </Win32>
            </Options>
          </Linking>
        </CompilerOptions>
      </Item2>
    </BuildModes>
    <PublishOptions>
      <Version Value="2"/>
      <IncludeFileFilter Value="*.(pas|pp|inc|lfm|lpr|lrs|lpi|lpk|sh|xml)"/>
      <ExcludeFileFilter Value="*.(bak|ppu|o|so);*~;backup"/>
    </PublishOptions>
    <RunParams>
      <local>
        <FormatVersion Value="1"/>
        <CommandLineParams Value="--mode xquery3  --print-failed-inputs --print-test-cases fe --parser fcl-xml  --test-set ModuleImport --test-case modules-simple"/>
        <WorkingDirectory Value="/home/benito/xxtest"/>
      </local>
    </RunParams>
    <RequiredPackages Count="1">
      <Item1>
        <PackageName Value="LCLBase"/>
      </Item1>
    </RequiredPackages>
    <Units Count="12">
      <Unit0>
        <Filename Value="tests.lpr"/>
        <IsPartOfProject Value="True"/>
      </Unit0>
      <Unit1>
        <Filename Value="bbutils_tests.pas"/>
        <IsPartOfProject Value="True"/>
      </Unit1>
      <Unit2>
        <Filename Value="xpath2_tests.pas"/>
        <IsPartOfProject Value="True"/>
      </Unit2>
      <Unit3>
        <Filename Value="xquery1_tests.pas"/>
        <IsPartOfProject Value="True"/>
      </Unit3>
      <Unit4>
        <Filename Value="internetaccess_tests.pas"/>
        <IsPartOfProject Value="True"/>
      </Unit4>
      <Unit5>
        <Filename Value="xpath3_tests.pas"/>
        <IsPartOfProject Value="True"/>
      </Unit5>
      <Unit6>
        <Filename Value="xquery3_tests.pas"/>
        <IsPartOfProject Value="True"/>
      </Unit6>
      <Unit7>
        <Filename Value="bigdecimal_tests.pas"/>
        <IsPartOfProject Value="True"/>
      </Unit7>
      <Unit8>
        <Filename Value="parsertests.pas"/>
        <IsPartOfProject Value="True"/>
      </Unit8>
      <Unit9>
        <Filename Value="extendedhtmlparser_tests.pas"/>
        <IsPartOfProject Value="True"/>
      </Unit9>
      <Unit10>
        <Filename Value="simpleinternet_tests.pas"/>
        <IsPartOfProject Value="True"/>
      </Unit10>
      <Unit11>
        <Filename Value="commontestutils.pas"/>
        <IsPartOfProject Value="True"/>
      </Unit11>
    </Units>
  </ProjectOptions>
  <CompilerOptions>
    <Version Value="11"/>
    <Target>
      <Filename Value="tests"/>
    </Target>
    <SearchPaths>
      <IncludeFiles Value="$(ProjOutDir)"/>
      <OtherUnitFiles Value="../../import"/>
      <UnitOutputDirectory Value="lib/$(TargetCPU)-$(TargetOS)"/>
    </SearchPaths>
    <Parsing>
      <SyntaxOptions>
        <IncludeAssertionCode Value="True"/>
      </SyntaxOptions>
    </Parsing>
    <CodeGeneration>
      <Checks>
        <IOChecks Value="True"/>
        <RangeChecks Value="True"/>
        <OverflowChecks Value="True"/>
        <StackChecks Value="True"/>
      </Checks>
      <Optimizations>
        <OptimizationLevel Value="0"/>
      </Optimizations>
    </CodeGeneration>
    <Linking>
      <Options>
        <Win32>
          <GraphicApplication Value="True"/>
        </Win32>
      </Options>
    </Linking>
  </CompilerOptions>
  <Debugging>
    <Exceptions Count="16">
      <Item1>
        <Name Value="EAbort"/>
      </Item1>
      <Item2>
        <Name Value="ECodetoolError"/>
      </Item2>
      <Item3>
        <Name Value="EFOpenError"/>
      </Item3>
      <Item4>
        <Name Value="Exception"/>
      </Item4>
      <Item5>
        <Name Value="EXQEvaluationException"/>
      </Item5>
      <Item6>
        <Name Value="EXQParsingException"/>
      </Item6>
      <Item7>
        <Name Value="EHTMLParseMatchingException"/>
      </Item7>
      <Item8>
        <Name Value="EInternetException"/>
      </Item8>
      <Item9>
        <Name Value="EInvalidArgument"/>
      </Item9>
      <Item10>
        <Name Value="EMathError"/>
      </Item10>
      <Item11>
        <Name Value="RunError(205)"/>
      </Item11>
      <Item12>
        <Name Value="EOverflow"/>
      </Item12>
      <Item13>
        <Name Value="EDivByZero"/>
      </Item13>
      <Item14>
        <Name Value="RunError(207)"/>
      </Item14>
      <Item15>
        <Name Value="EInvalidOp"/>
      </Item15>
      <Item16>
        <Name Value="EScannerError"/>
      </Item16>
    </Exceptions>
  </Debugging>
</CONFIG>
