<?xml version="1.0"?>
<CONFIG>
  <ProjectOptions>
    <Version Value="9"/>
    <General>
      <Flags>
        <MainUnitHasCreateFormStatements Value="False"/>
        <MainUnitHasTitleStatement Value="False"/>
      </Flags>
      <SessionStorage Value="InProjectDir"/>
      <MainUnit Value="0"/>
      <Title Value="tests"/>
      <UseAppBundle Value="False"/>
      <ResourceType Value="res"/>
    </General>
    <i18n>
      <EnableI18N LFM="False"/>
    </i18n>
    <VersionInfo>
      <StringTable ProductVersion=""/>
    </VersionInfo>
    <BuildModes Count="1">
      <Item1 Name="Default" Default="True"/>
    </BuildModes>
    <PublishOptions>
      <Version Value="2"/>
      <IncludeFileFilter Value="*.(pas|pp|inc|lfm|lpr|lrs|lpi|lpk|sh|xml)"/>
      <ExcludeFileFilter Value="*.(bak|ppu|o|so);*~;backup"/>
    </PublishOptions>
    <RunParams>
      <local>
        <FormatVersion Value="1"/>
      </local>
    </RunParams>
    <RequiredPackages Count="1">
      <Item1>
        <PackageName Value="internettools"/>
      </Item1>
    </RequiredPackages>
    <Units Count="13">
      <Unit0>
        <Filename Value="tests.lpr"/>
        <IsPartOfProject Value="True"/>
        <UnitName Value="tests"/>
      </Unit0>
      <Unit1>
        <Filename Value="bbutils_tests.pas"/>
        <IsPartOfProject Value="True"/>
        <UnitName Value="bbutils_tests"/>
      </Unit1>
      <Unit2>
        <Filename Value="../xquery.pas"/>
        <IsPartOfProject Value="True"/>
        <UnitName Value="xquery"/>
      </Unit2>
      <Unit3>
        <Filename Value="../int65math.pas"/>
        <IsPartOfProject Value="True"/>
        <UnitName Value="int65math"/>
      </Unit3>
      <Unit4>
        <Filename Value="../bbutils.pas"/>
        <IsPartOfProject Value="True"/>
        <UnitName Value="bbutils"/>
      </Unit4>
      <Unit5>
        <Filename Value="../extendedhtmlparser.pas"/>
        <IsPartOfProject Value="True"/>
        <UnitName Value="extendedhtmlparser"/>
      </Unit5>
      <Unit6>
        <Filename Value="../xquery_parse.inc"/>
        <IsPartOfProject Value="True"/>
      </Unit6>
      <Unit7>
        <Filename Value="../xquery_terms.inc"/>
        <IsPartOfProject Value="True"/>
      </Unit7>
      <Unit8>
        <Filename Value="xpath2_tests.pas"/>
        <IsPartOfProject Value="True"/>
        <UnitName Value="xpath2_tests"/>
      </Unit8>
      <Unit9>
        <Filename Value="xquery1_tests.pas"/>
        <IsPartOfProject Value="True"/>
        <UnitName Value="xquery1_tests"/>
      </Unit9>
      <Unit10>
        <Filename Value="../xquery_types.inc"/>
        <IsPartOfProject Value="True"/>
      </Unit10>
      <Unit11>
        <Filename Value="../xquery_functions.inc"/>
        <IsPartOfProject Value="True"/>
      </Unit11>
      <Unit12>
        <Filename Value="../xquery_functions_generated_template.inc"/>
        <IsPartOfProject Value="True"/>
      </Unit12>
    </Units>
  </ProjectOptions>
  <CompilerOptions>
    <Version Value="11"/>
    <SearchPaths>
      <IncludeFiles Value="$(ProjOutDir)"/>
      <OtherUnitFiles Value="/home/benito/hg/components/pascal/import/synapse/;/home/benito/hg/components/pascal/import/regexpr/Source/;/home/benito/hg/components/pascal/internet/;.;../../../components/pascal/import/bigint;.."/>
      <UnitOutputDirectory Value="lib/$(TargetCPU)-$(TargetOS)"/>
    </SearchPaths>
    <Parsing>
      <SyntaxOptions>
        <IncludeAssertionCode Value="True"/>
      </SyntaxOptions>
    </Parsing>
    <CodeGeneration>
      <Checks>
        <IOChecks Value="True"/>
        <RangeChecks Value="True"/>
        <OverflowChecks Value="True"/>
        <StackChecks Value="True"/>
      </Checks>
    </CodeGeneration>
    <Linking>
      <Options>
        <Win32>
          <GraphicApplication Value="True"/>
        </Win32>
      </Options>
    </Linking>
    <Other>
      <CompilerMessages>
        <UseMsgFile Value="True"/>
      </CompilerMessages>
      <CompilerPath Value="$(CompPath)"/>
    </Other>
  </CompilerOptions>
  <Debugging>
    <Exceptions Count="3">
      <Item1>
        <Name Value="EAbort"/>
      </Item1>
      <Item2>
        <Name Value="ECodetoolError"/>
      </Item2>
      <Item3>
        <Name Value="EFOpenError"/>
      </Item3>
    </Exceptions>
  </Debugging>
</CONFIG>
