<?xml version="1.0"?>
<CONFIG>
  <ProjectOptions>
    <Version Value="9"/>
    <PathDelim Value="\"/>
    <General>
      <Flags>
        <LRSInOutputDirectory Value="False"/>
      </Flags>
      <SessionStorage Value="InProjectDir"/>
      <MainUnit Value="0"/>
    </General>
    <VersionInfo>
      <StringTable ProductVersion=""/>
    </VersionInfo>
    <BuildModes Count="2">
      <Item1 Name="default" Default="True"/>
      <Item2 Name="win32">
        <MacroValues Count="1">
          <Macro1 Name="LCLWidgetType" Value="win32"/>
        </MacroValues>
        <CompilerOptions>
          <Version Value="11"/>
          <PathDelim Value="\"/>
          <SearchPaths>
            <OtherUnitFiles Value="U:\components\pascal\data;..\..\import\synapse;U:\components\pascal\internet;U:\components\lazarus\dialogs;U:\components\pascal\system;\home\benito\hg\components\pascal\data\;\home\benito\hg\components\pascal\internet\;\home\benito\hg\components\lazarus\dialogs\;\home\benito\hg\components\pascal\system\"/>
            <SrcPath Value="\home\benito\hg\components\lazarus\dialogs\;\home\benito\hg\components\pascal\import\synapse\;..\..\import\synapse"/>
          </SearchPaths>
          <Parsing>
            <SyntaxOptions>
              <UseAnsiStrings Value="False"/>
            </SyntaxOptions>
          </Parsing>
          <CodeGeneration>
            <TargetCPU Value="i386"/>
            <TargetOS Value="win32"/>
          </CodeGeneration>
          <Other>
            <CompilerPath Value="$(CompPath)"/>
          </Other>
          <LCLWidgetType Value="win32"/>
        </CompilerOptions>
      </Item2>
    </BuildModes>
    <PublishOptions>
      <Version Value="2"/>
      <IgnoreBinaries Value="False"/>
      <IncludeFileFilter Value="*.(pas|pp|inc|lfm|lpr|lrs|lpi|lpk|sh|xml)"/>
      <ExcludeFileFilter Value="*.(bak|ppu|ppw|o|so);*~;backup"/>
    </PublishOptions>
    <RunParams>
      <local>
        <FormatVersion Value="1"/>
        <LaunchingApplication PathPlusParams="\usr\X11R6\bin\xterm -T 'Lazarus Run Output' -e $(LazarusDir)\tools\runwait.sh $(TargetCmdLine)"/>
      </local>
    </RunParams>
    <RequiredPackages Count="1">
      <Item1>
        <PackageName Value="LCL"/>
      </Item1>
    </RequiredPackages>
    <Units Count="2">
      <Unit0>
        <Filename Value="autoupdatetest.lpr"/>
        <IsPartOfProject Value="True"/>
        <UnitName Value="autoupdatetest"/>
      </Unit0>
      <Unit1>
        <Filename Value="autoupdateexu.pas"/>
        <IsPartOfProject Value="True"/>
        <ComponentName Value="Form1"/>
        <HasResources Value="True"/>
        <ResourceBaseClass Value="Form"/>
        <UnitName Value="autoupdateexu"/>
      </Unit1>
    </Units>
  </ProjectOptions>
  <CompilerOptions>
    <Version Value="11"/>
    <PathDelim Value="\"/>
    <SearchPaths>
      <OtherUnitFiles Value="U:\components\pascal\data;..\..\import\synapse;U:\components\pascal\internet;U:\components\lazarus\dialogs;U:\components\pascal\system;\home\benito\hg\components\pascal\data\;\home\benito\hg\components\pascal\internet\;\home\benito\hg\components\lazarus\dialogs\;\home\benito\hg\components\pascal\system\"/>
      <SrcPath Value="\home\benito\hg\components\lazarus\dialogs\;\home\benito\hg\components\pascal\import\synapse\;..\..\import\synapse"/>
    </SearchPaths>
    <Parsing>
      <SyntaxOptions>
        <UseAnsiStrings Value="False"/>
      </SyntaxOptions>
    </Parsing>
    <Other>
      <CompilerPath Value="$(CompPath)"/>
    </Other>
  </CompilerOptions>
</CONFIG>
