<?xml version="1.0"?>
<CONFIG>
  <ProjectOptions>
    <PathDelim Value="\"/>
    <Version Value="7"/>
    <General>
      <Flags>
        <LRSInOutputDirectory Value="False"/>
      </Flags>
      <SessionStorage Value="InProjectDir"/>
      <MainUnit Value="0"/>
      <TargetFileExt Value=".exe"/>
    </General>
    <VersionInfo>
      <ProjectVersion Value=""/>
    </VersionInfo>
    <PublishOptions>
      <Version Value="2"/>
      <IgnoreBinaries Value="False"/>
      <IncludeFileFilter Value="*.(pas|pp|inc|lfm|lpr|lrs|lpi|lpk|sh|xml)"/>
      <ExcludeFileFilter Value="*.(bak|ppu|ppw|o|so);*~;backup"/>
    </PublishOptions>
    <RunParams>
      <local>
        <FormatVersion Value="1"/>
        <LaunchingApplication PathPlusParams="\usr\X11R6\bin\xterm -T 'Lazarus Run Output' -e $(LazarusDir)\tools\runwait.sh $(TargetCmdLine)"/>
      </local>
    </RunParams>
    <RequiredPackages Count="1">
      <Item1>
        <PackageName Value="LCL"/>
      </Item1>
    </RequiredPackages>
    <Units Count="3">
      <Unit0>
        <Filename Value="autoupdatetest.lpr"/>
        <IsPartOfProject Value="True"/>
        <UnitName Value="autoupdatetest"/>
      </Unit0>
      <Unit1>
        <Filename Value="autoupdateexu.pas"/>
        <IsPartOfProject Value="True"/>
        <ComponentName Value="Form1"/>
        <ResourceBaseClass Value="Form"/>
        <UnitName Value="autoupdateexu"/>
      </Unit1>
      <Unit2>
        <Filename Value="..\synapseinternetaccess.pas"/>
        <IsPartOfProject Value="True"/>
        <UnitName Value="synapseinternetaccess"/>
      </Unit2>
    </Units>
  </ProjectOptions>
  <CompilerOptions>
    <Version Value="8"/>
    <PathDelim Value="\"/>
    <SearchPaths>
      <OtherUnitFiles Value="U:\components\pascal\data\;..\..\import\synapse\;U:\components\pascal\internet\;U:\components\lazarus\dialogs\;U:\components\pascal\system\;\home\benito\hg\components\pascal\data\;\home\benito\hg\components\pascal\internet\;\home\benito\hg\components\lazarus\dialogs\;\home\benito\hg\components\pascal\system\"/>
      <SrcPath Value="\home\benito\hg\components\lazarus\dialogs\;\home\benito\hg\components\pascal\import\synapse\;..\..\import\synapse\"/>
      <LCLWidgetType Value="win32"/>
    </SearchPaths>
    <CodeGeneration>
      <TargetCPU Value="i386"/>
      <TargetOS Value="Win32"/>
    </CodeGeneration>
    <Other>
      <CompilerPath Value="$(CompPath)"/>
    </Other>
  </CompilerOptions>
</CONFIG>
